// !$*UTF8*$!
{
	archiveVersion = 1;
	classes = {
	};
	objectVersion = 77;
	objects = {

/* Begin PBXBuildFile section */
		B7E652762FBED86800562C4E /* FirebaseAuth in Frameworks */ = {isa = PBXBuildFile; productRef = B76FD8032FBEC1C6009DB5E2 /* FirebaseAuth */; };
		B7E652772FBED86800562C4E /* FirebaseCore in Frameworks */ = {isa = PBXBuildFile; productRef = B76FD8042FBEC1C6009DB5E2 /* FirebaseCore */; };
		B7E652782FBED86800562C4E /* GoogleSignIn in Frameworks */ = {isa = PBXBuildFile; productRef = B76FD8052FBEC1C6009DB5E2 /* GoogleSignIn */; };
/* End PBXBuildFile section */

/* Begin PBXContainerItemProxy section */
		B76FD7A42FBEC1C4009DB5E2 /* PBXContainerItemProxy */ = {
			isa = PBXContainerItemProxy;
			containerPortal = B76FD78A2FBEC1C1009DB5E2 /* Project object */;
			proxyType = 1;
			remoteGlobalIDString = B76FD7912FBEC1C1009DB5E2;
			remoteInfo = MRBooth;
		};
		B76FD7AE2FBEC1C4009DB5E2 /* PBXContainerItemProxy */ = {
			isa = PBXContainerItemProxy;
			containerPortal = B76FD78A2FBEC1C1009DB5E2 /* Project object */;
			proxyType = 1;
			remoteGlobalIDString = B76FD7912FBEC1C1009DB5E2;
			remoteInfo = MRBooth;
		};
/* End PBXContainerItemProxy section */

/* Begin PBXFileReference section */
		B76FD7922FBEC1C1009DB5E2 /* MRBooth.app */ = {isa = PBXFileReference; explicitFileType = wrapper.application; includeInIndex = 0; path = MRBooth.app; sourceTree = BUILT_PRODUCTS_DIR; };
		B76FD7A32FBEC1C4009DB5E2 /* MRBoothTests.xctest */ = {isa = PBXFileReference; explicitFileType = wrapper.cfbundle; includeInIndex = 0; path = MRBoothTests.xctest; sourceTree = BUILT_PRODUCTS_DIR; };
		B76FD7AD2FBEC1C4009DB5E2 /* MRBoothUITests.xctest */ = {isa = PBXFileReference; explicitFileType = wrapper.cfbundle; includeInIndex = 0; path = MRBoothUITests.xctest; sourceTree = BUILT_PRODUCTS_DIR; };
/* End PBXFileReference section */

/* Begin PBXFileSystemSynchronizedBuildFileExceptionSet section */
		B74418212FC0145C00F76871 /* Exceptions for "MRBooth" folder in "MRBooth" target */ = {
			isa = PBXFileSystemSynchronizedBuildFileExceptionSet;
			membershipExceptions = (
				Info.plist,
			);
			target = B76FD7912FBEC1C1009DB5E2 /* MRBooth */;
		};
/* End PBXFileSystemSynchronizedBuildFileExceptionSet section */

/* Begin PBXFileSystemSynchronizedRootGroup section */
		B76FD7942FBEC1C1009DB5E2 /* MRBooth */ = {
			isa = PBXFileSystemSynchronizedRootGroup;
			exceptions = (
				B74418212FC0145C00F76871 /* Exceptions for "MRBooth" folder in "MRBooth" target */,
			);
			path = MRBooth;
			sourceTree = "<group>";
		};
		B76FD7A62FBEC1C4009DB5E2 /* MRBoothTests */ = {
			isa = PBXFileSystemSynchronizedRootGroup;
			path = MRBoothTests;
			sourceTree = "<group>";
		};
		B76FD7B02FBEC1C4009DB5E2 /* MRBoothUITests */ = {
			isa = PBXFileSystemSynchronizedRootGroup;
			path = MRBoothUITests;
			sourceTree = "<group>";
		};
/* End PBXFileSystemSynchronizedRootGroup section */

/* Begin PBXFrameworksBuildPhase section */
		B76FD78F2FBEC1C1009DB5E2 /* Frameworks */ = {
			isa = PBXFrameworksBuildPhase;
			buildActionMask = 2147483647;
			files = (
				B7E652782FBED86800562C4E /* GoogleSignIn in Frameworks */,
				B7E652772FBED86800562C4E /* FirebaseCore in Frameworks */,
				B7E652762FBED86800562C4E /* FirebaseAuth in Frameworks */,
			);
			runOnlyForDeploymentPostprocessing = 0;
		};
		B76FD7A02FBEC1C4009DB5E2 /* Frameworks */ = {
			isa = PBXFrameworksBuildPhase;
			buildActionMask = 2147483647;
			files = (
			);
			runOnlyForDeploymentPostprocessing = 0;
		};
		B76FD7AA2FBEC1C4009DB5E2 /* Frameworks */ = {
			isa = PBXFrameworksBuildPhase;
			buildActionMask = 2147483647;
			files = (
			);
			runOnlyForDeploymentPostprocessing = 0;
		};
/* End PBXFrameworksBuildPhase section */

/* Begin PBXGroup section */
		B76FD7892FBEC1C1009DB5E2 = {
			isa = PBXGroup;
			children = (
				B76FD7942FBEC1C1009DB5E2 /* MRBooth */,
				B76FD7A62FBEC1C4009DB5E2 /* MRBoothTests */,
				B76FD7B02FBEC1C4009DB5E2 /* MRBoothUITests */,
				B76FD7932FBEC1C1009DB5E2 /* Products */,
			);
			sourceTree = "<group>";
		};
		B76FD7932FBEC1C1009DB5E2 /* Products */ = {
			isa = PBXGroup;
			children = (
				B76FD7922FBEC1C1009DB5E2 /* MRBooth.app */,
				B76FD7A32FBEC1C4009DB5E2 /* MRBoothTests.xctest */,
				B76FD7AD2FBEC1C4009DB5E2 /* MRBoothUITests.xctest */,
			);
			name = Products;
			sourceTree = "<group>";
		};
/* End PBXGroup section */

/* Begin PBXNativeTarget section */
		B76FD7912FBEC1C1009DB5E2 /* MRBooth */ = {
			isa = PBXNativeTarget;
			buildConfigurationList = B76FD7B72FBEC1C4009DB5E2 /* Build configuration list for PBXNativeTarget "MRBooth" */;
			buildPhases = (
				B76FD78E2FBEC1C1009DB5E2 /* Sources */,
				B76FD78F2FBEC1C1009DB5E2 /* Frameworks */,
				B76FD7902FBEC1C1009DB5E2 /* Resources */,
			);
			buildRules = (
			);
			dependencies = (
			);
			fileSystemSynchronizedGroups = (
				B76FD7942FBEC1C1009DB5E2 /* MRBooth */,
			);
			name = MRBooth;
			packageProductDependencies = (
				B76FD8032FBEC1C6009DB5E2 /* FirebaseAuth */,
				B76FD8042FBEC1C6009DB5E2 /* FirebaseCore */,
				B76FD8052FBEC1C6009DB5E2 /* GoogleSignIn */,
			);
			productName = MRBooth;
			productReference = B76FD7922FBEC1C1009DB5E2 /* MRBooth.app */;
			productType = "com.apple.product-type.application";
		};
		B76FD7A22FBEC1C4009DB5E2 /* MRBoothTests */ = {
			isa = PBXNativeTarget;
			buildConfigurationList = B76FD7BA2FBEC1C4009DB5E2 /* Build configuration list for PBXNativeTarget "MRBoothTests" */;
			buildPhases = (
				B76FD79F2FBEC1C4009DB5E2 /* Sources */,
				B76FD7A02FBEC1C4009DB5E2 /* Frameworks */,
				B76FD7A12FBEC1C4009DB5E2 /* Resources */,
			);
			buildRules = (
			);
			dependencies = (
				B76FD7A52FBEC1C4009DB5E2 /* PBXTargetDependency */,
			);
			fileSystemSynchronizedGroups = (
				B76FD7A62FBEC1C4009DB5E2 /* MRBoothTests */,
			);
			name = MRBoothTests;
			packageProductDependencies = (
			);
			productName = MRBoothTests;
			productReference = B76FD7A32FBEC1C4009DB5E2 /* MRBoothTests.xctest */;
			productType = "com.apple.product-type.bundle.unit-test";
		};
		B76FD7AC2FBEC1C4009DB5E2 /* MRBoothUITests */ = {
			isa = PBXNativeTarget;
			buildConfigurationList = B76FD7BD2FBEC1C4009DB5E2 /* Build configuration list for PBXNativeTarget "MRBoothUITests" */;
			buildPhases = (
				B76FD7A92FBEC1C4009DB5E2 /* Sources */,
				B76FD7AA2FBEC1C4009DB5E2 /* Frameworks */,
				B76FD7AB2FBEC1C4009DB5E2 /* Resources */,
			);
			buildRules = (
			);
			dependencies = (
				B76FD7AF2FBEC1C4009DB5E2 /* PBXTargetDependency */,
			);
			fileSystemSynchronizedGroups = (
				B76FD7B02FBEC1C4009DB5E2 /* MRBoothUITests */,
			);
			name = MRBoothUITests;
			packageProductDependencies = (
			);
			productName = MRBoothUITests;
			productReference = B76FD7AD2FBEC1C4009DB5E2 /* MRBoothUITests.xctest */;
			productType = "com.apple.product-type.bundle.ui-testing";
		};
/* End PBXNativeTarget section */

/* Begin PBXProject section */
		B76FD78A2FBEC1C1009DB5E2 /* Project object */ = {
			isa = PBXProject;
			attributes = {
				BuildIndependentTargetsInParallel = 1;
				LastSwiftUpdateCheck = 1610;
				LastUpgradeCheck = 1610;
				TargetAttributes = {
					B76FD7912FBEC1C1009DB5E2 = {
						CreatedOnToolsVersion = 16.1;
					};
					B76FD7A22FBEC1C4009DB5E2 = {
						CreatedOnToolsVersion = 16.1;
						TestTargetID = B76FD7912FBEC1C1009DB5E2;
					};
					B76FD7AC2FBEC1C4009DB5E2 = {
						CreatedOnToolsVersion = 16.1;
						TestTargetID = B76FD7912FBEC1C1009DB5E2;
					};
				};
			};
			buildConfigurationList = B76FD78D2FBEC1C1009DB5E2 /* Build configuration list for PBXProject "MRBooth" */;
			developmentRegion = en;
			hasScannedForEncodings = 0;
			knownRegions = (
				en,
				Base,
			);
			mainGroup = B76FD7892FBEC1C1009DB5E2;
			minimizedProjectReferenceProxies = 1;
			packageReferences = (
				B76FD8012FBEC1C6009DB5E2 /* XCRemoteSwiftPackageReference "firebase-ios-sdk" */,
				B76FD8022FBEC1C6009DB5E2 /* XCRemoteSwiftPackageReference "GoogleSignIn-iOS" */,
			);
			preferredProjectObjectVersion = 77;
			productRefGroup = B76FD7932FBEC1C1009DB5E2 /* Products */;
			projectDirPath = "";
			projectRoot = "";
			targets = (
				B76FD7912FBEC1C1009DB5E2 /* MRBooth */,
				B76FD7A22FBEC1C4009DB5E2 /* MRBoothTests */,
				B76FD7AC2FBEC1C4009DB5E2 /* MRBoothUITests */,
			);
		};
/* End PBXProject section */

/* Begin PBXResourcesBuildPhase section */
		B76FD7902FBEC1C1009DB5E2 /* Resources */ = {
			isa = PBXResourcesBuildPhase;
			buildActionMask = 2147483647;
			files = (
			);
			runOnlyForDeploymentPostprocessing = 0;
		};
		B76FD7A12FBEC1C4009DB5E2 /* Resources */ = {
			isa = PBXResourcesBuildPhase;
			buildActionMask = 2147483647;
			files = (
			);
			runOnlyForDeploymentPostprocessing = 0;
		};
		B76FD7AB2FBEC1C4009DB5E2 /* Resources */ = {
			isa = PBXResourcesBuildPhase;
			buildActionMask = 2147483647;
			files = (
			);
			runOnlyForDeploymentPostprocessing = 0;
		};
/* End PBXResourcesBuildPhase section */

/* Begin PBXSourcesBuildPhase section */
		B76FD78E2FBEC1C1009DB5E2 /* Sources */ = {
			isa = PBXSourcesBuildPhase;
			buildActionMask = 2147483647;
			files = (
			);
			runOnlyForDeploymentPostprocessing = 0;
		};
		B76FD79F2FBEC1C4009DB5E2 /* Sources */ = {
			isa = PBXSourcesBuildPhase;
			buildActionMask = 2147483647;
			files = (
			);
			runOnlyForDeploymentPostprocessing = 0;
		};
		B76FD7A92FBEC1C4009DB5E2 /* Sources */ = {
			isa = PBXSourcesBuildPhase;
			buildActionMask = 2147483647;
			files = (
			);
			runOnlyForDeploymentPostprocessing = 0;
		};
/* End PBXSourcesBuildPhase section */

/* Begin PBXTargetDependency section */
		B76FD7A52FBEC1C4009DB5E2 /* PBXTargetDependency */ = {
			isa = PBXTargetDependency;
			target = B76FD7912FBEC1C1009DB5E2 /* MRBooth */;
			targetProxy = B76FD7A42FBEC1C4009DB5E2 /* PBXContainerItemProxy */;
		};
		B76FD7AF2FBEC1C4009DB5E2 /* PBXTargetDependency */ = {
			isa = PBXTargetDependency;
			target = B76FD7912FBEC1C1009DB5E2 /* MRBooth */;
			targetProxy = B76FD7AE2FBEC1C4009DB5E2 /* PBXContainerItemProxy */;
		};
/* End PBXTargetDependency section */

/* Begin XCBuildConfiguration section */
		B76FD7B52FBEC1C4009DB5E2 /* Debug */ = {
			isa = XCBuildConfiguration;
			buildSettings = {
				ALWAYS_SEARCH_USER_PATHS = NO;
				ASSETCATALOG_COMPILER_GENERATE_SWIFT_ASSET_SYMBOL_EXTENSIONS = YES;
				CLANG_ANALYZER_NONNULL = YES;
				CLANG_ANALYZER_NUMBER_OBJECT_CONVERSION = YES_AGGRESSIVE;
				CLANG_CXX_LANGUAGE_STANDARD = "gnu++20";
				CLANG_ENABLE_MODULES = YES;
				CLANG_ENABLE_OBJC_ARC = YES;
				CLANG_ENABLE_OBJC_WEAK = YES;
				CLANG_WARN_BLOCK_CAPTURE_AUTORELEASING = YES;
				CLANG_WARN_BOOL_CONVERSION = YES;
				CLANG_WARN_COMMA = YES;
				CLANG_WARN_CONSTANT_CONVERSION = YES;
				CLANG_WARN_DEPRECATED_OBJC_IMPLEMENTATIONS = YES;
				CLANG_WARN_DIRECT_OBJC_ISA_USAGE = YES_ERROR;
				CLANG_WARN_DOCUMENTATION_COMMENTS = YES;
				CLANG_WARN_EMPTY_BODY = YES;
				CLANG_WARN_ENUM_CONVERSION = YES;
				CLANG_WARN_INFINITE_RECURSION = YES;
				CLANG_WARN_INT_CONVERSION = YES;
				CLANG_WARN_NON_LITERAL_NULL_CONVERSION = YES;
				CLANG_WARN_OBJC_IMPLICIT_RETAIN_SELF = YES;
				CLANG_WARN_OBJC_LITERAL_CONVERSION = YES;
				CLANG_WARN_OBJC_ROOT_CLASS = YES_ERROR;
				CLANG_WARN_QUOTED_INCLUDE_IN_FRAMEWORK_HEADER = YES;
				CLANG_WARN_RANGE_LOOP_ANALYSIS = YES;
				CLANG_WARN_STRICT_PROTOTYPES = YES;
				CLANG_WARN_SUSPICIOUS_MOVE = YES;
				CLANG_WARN_UNGUARDED_AVAILABILITY = YES_AGGRESSIVE;
				CLANG_WARN_UNREACHABLE_CODE = YES;
				CLANG_WARN__DUPLICATE_METHOD_MATCH = YES;
				COPY_PHASE_STRIP = NO;
				DEBUG_INFORMATION_FORMAT = dwarf;
				ENABLE_STRICT_OBJC_MSGSEND = YES;
				ENABLE_TESTABILITY = YES;
				ENABLE_USER_SCRIPT_SANDBOXING = YES;
				GCC_C_LANGUAGE_STANDARD = gnu17;
				GCC_DYNAMIC_NO_PIC = NO;
				GCC_NO_COMMON_BLOCKS = YES;
				GCC_OPTIMIZATION_LEVEL = 0;
				GCC_PREPROCESSOR_DEFINITIONS = (
					"DEBUG=1",
					"$(inherited)",
				);
				GCC_WARN_64_TO_32_BIT_CONVERSION = YES;
				GCC_WARN_ABOUT_RETURN_TYPE = YES_ERROR;
				GCC_WARN_UNDECLARED_SELECTOR = YES;
				GCC_WARN_UNINITIALIZED_AUTOS = YES_AGGRESSIVE;
				GCC_WARN_UNUSED_FUNCTION = YES;
				GCC_WARN_UNUSED_VARIABLE = YES;
				LOCALIZATION_PREFERS_STRING_CATALOGS = YES;
				MTL_ENABLE_DEBUG_INFO = INCLUDE_SOURCE;
				MTL_FAST_MATH = YES;
				ONLY_ACTIVE_ARCH = YES;
				SWIFT_ACTIVE_COMPILATION_CONDITIONS = "DEBUG $(inherited)";
				SWIFT_OPTIMIZATION_LEVEL = "-Onone";
			};
			name = Debug;
		};
		B76FD7B62FBEC1C4009DB5E2 /* Release */ = {
			isa = XCBuildConfiguration;
			buildSettings = {
				ALWAYS_SEARCH_USER_PATHS = NO;
				ASSETCATALOG_COMPILER_GENERATE_SWIFT_ASSET_SYMBOL_EXTENSIONS = YES;
				CLANG_ANALYZER_NONNULL = YES;
				CLANG_ANALYZER_NUMBER_OBJECT_CONVERSION = YES_AGGRESSIVE;
				CLANG_CXX_LANGUAGE_STANDARD = "gnu++20";
				CLANG_ENABLE_MODULES = YES;
				CLANG_ENABLE_OBJC_ARC = YES;
				CLANG_ENABLE_OBJC_WEAK = YES;
				CLANG_WARN_BLOCK_CAPTURE_AUTORELEASING = YES;
				CLANG_WARN_BOOL_CONVERSION = YES;
				CLANG_WARN_COMMA = YES;
				CLANG_WARN_CONSTANT_CONVERSION = YES;
				CLANG_WARN_DEPRECATED_OBJC_IMPLEMENTATIONS = YES;
				CLANG_WARN_DIRECT_OBJC_ISA_USAGE = YES_ERROR;
				CLANG_WARN_DOCUMENTATION_COMMENTS = YES;
				CLANG_WARN_EMPTY_BODY = YES;
				CLANG_WARN_ENUM_CONVERSION = YES;
				CLANG_WARN_INFINITE_RECURSION = YES;
				CLANG_WARN_INT_CONVERSION = YES;
				CLANG_WARN_NON_LITERAL_NULL_CONVERSION = YES;
				CLANG_WARN_OBJC_IMPLICIT_RETAIN_SELF = YES;
				CLANG_WARN_OBJC_LITERAL_CONVERSION = YES;
				CLANG_WARN_OBJC_ROOT_CLASS = YES_ERROR;
				CLANG_WARN_QUOTED_INCLUDE_IN_FRAMEWORK_HEADER = YES;
				CLANG_WARN_RANGE_LOOP_ANALYSIS = YES;
				CLANG_WARN_STRICT_PROTOTYPES = YES;
				CLANG_WARN_SUSPICIOUS_MOVE = YES;
				CLANG_WARN_UNGUARDED_AVAILABILITY = YES_AGGRESSIVE;
				CLANG_WARN_UNREACHABLE_CODE = YES;
				CLANG_WARN__DUPLICATE_METHOD_MATCH = YES;
				COPY_PHASE_STRIP = NO;
				DEBUG_INFORMATION_FORMAT = "dwarf-with-dsym";
				ENABLE_NS_ASSERTIONS = NO;
				ENABLE_STRICT_OBJC_MSGSEND = YES;
				ENABLE_USER_SCRIPT_SANDBOXING = YES;
				GCC_C_LANGUAGE_STANDARD = gnu17;
				GCC_NO_COMMON_BLOCKS = YES;
				GCC_WARN_64_TO_32_BIT_CONVERSION = YES;
				GCC_WARN_ABOUT_RETURN_TYPE = YES_ERROR;
				GCC_WARN_UNDECLARED_SELECTOR = YES;
				GCC_WARN_UNINITIALIZED_AUTOS = YES_AGGRESSIVE;
				GCC_WARN_UNUSED_FUNCTION = YES;
				GCC_WARN_UNUSED_VARIABLE = YES;
				LOCALIZATION_PREFERS_STRING_CATALOGS = YES;
				MTL_ENABLE_DEBUG_INFO = NO;
				MTL_FAST_MATH = YES;
				SWIFT_COMPILATION_MODE = wholemodule;
			};
			name = Release;
		};
		B76FD7B82FBEC1C4009DB5E2 /* Debug */ = {
			isa = XCBuildConfiguration;
			buildSettings = {
				ASSETCATALOG_COMPILER_APPICON_NAME = AppIcon;
				ASSETCATALOG_COMPILER_GLOBAL_ACCENT_COLOR_NAME = AccentColor;
				CODE_SIGN_ENTITLEMENTS = MRBooth/MRBooth.entitlements;
				CODE_SIGN_STYLE = Automatic;
				CURRENT_PROJECT_VERSION = 1;
				DEVELOPMENT_ASSET_PATHS = "\"MRBooth/Preview Content\"";
				DEVELOPMENT_TEAM = 2633M77RVP;
				ENABLE_PREVIEWS = YES;
				GENERATE_INFOPLIST_FILE = YES;
				INFOPLIST_FILE = MRBooth/Info.plist;
				INFOPLIST_KEY_NSCameraUsageDescription = "MR Booth needs camera access to scan voter lists.";
				INFOPLIST_KEY_NSPhotoLibraryUsageDescription = "MR Booth needs photo access to upload voter list images.";
				"INFOPLIST_KEY_UIApplicationSceneManifest_Generation[sdk=iphoneos*]" = YES;
				"INFOPLIST_KEY_UIApplicationSceneManifest_Generation[sdk=iphonesimulator*]" = YES;
				"INFOPLIST_KEY_UIApplicationSupportsIndirectInputEvents[sdk=iphoneos*]" = YES;
				"INFOPLIST_KEY_UIApplicationSupportsIndirectInputEvents[sdk=iphonesimulator*]" = YES;
				"INFOPLIST_KEY_UILaunchScreen_Generation[sdk=iphoneos*]" = YES;
				"INFOPLIST_KEY_UILaunchScreen_Generation[sdk=iphonesimulator*]" = YES;
				"INFOPLIST_KEY_UIStatusBarStyle[sdk=iphoneos*]" = UIStatusBarStyleDefault;
				"INFOPLIST_KEY_UIStatusBarStyle[sdk=iphonesimulator*]" = UIStatusBarStyleDefault;
				INFOPLIST_KEY_UISupportedInterfaceOrientations_iPad = "UIInterfaceOrientationPortrait UIInterfaceOrientationPortraitUpsideDown UIInterfaceOrientationLandscapeLeft UIInterfaceOrientationLandscapeRight";
				INFOPLIST_KEY_UISupportedInterfaceOrientations_iPhone = "UIInterfaceOrientationPortrait UIInterfaceOrientationLandscapeLeft UIInterfaceOrientationLandscapeRight";
				IPHONEOS_DEPLOYMENT_TARGET = 18.1;
				LD_RUNPATH_SEARCH_PATHS = "@executable_path/Frameworks";
				"LD_RUNPATH_SEARCH_PATHS[sdk=macosx*]" = "@executable_path/../Frameworks";
				MACOSX_DEPLOYMENT_TARGET = 15.1;
				MARKETING_VERSION = 1.0;
				PRODUCT_BUNDLE_IDENTIFIER = com.innovaturelabs.writeaway;
				PRODUCT_NAME = "$(TARGET_NAME)";
				SDKROOT = auto;
				SUPPORTED_PLATFORMS = "iphoneos iphonesimulator macosx xros xrsimulator";
				SWIFT_EMIT_LOC_STRINGS = YES;
				SWIFT_VERSION = 5.0;
				TARGETED_DEVICE_FAMILY = "1,2,7";
				XROS_DEPLOYMENT_TARGET = 2.1;
			};
			name = Debug;
		};
		B76FD7B92FBEC1C4009DB5E2 /* Release */ = {
			isa = XCBuildConfiguration;
			buildSettings = {
				ASSETCATALOG_COMPILER_APPICON_NAME = AppIcon;
				ASSETCATALOG_COMPILER_GLOBAL_ACCENT_COLOR_NAME = AccentColor;
				CODE_SIGN_ENTITLEMENTS = MRBooth/MRBooth.entitlements;
				CODE_SIGN_STYLE = Automatic;
				CURRENT_PROJECT_VERSION = 1;
				DEVELOPMENT_ASSET_PATHS = "\"MRBooth/Preview Content\"";
				DEVELOPMENT_TEAM = 2633M77RVP;
				ENABLE_PREVIEWS = YES;
				GENERATE_INFOPLIST_FILE = YES;
				INFOPLIST_FILE = MRBooth/Info.plist;
				INFOPLIST_KEY_NSCameraUsageDescription = "MR Booth needs camera access to scan voter lists.";
				INFOPLIST_KEY_NSPhotoLibraryUsageDescription = "MR Booth needs photo access to upload voter list images.";
				"INFOPLIST_KEY_UIApplicationSceneManifest_Generation[sdk=iphoneos*]" = YES;
				"INFOPLIST_KEY_UIApplicationSceneManifest_Generation[sdk=iphonesimulator*]" = YES;
				"INFOPLIST_KEY_UIApplicationSupportsIndirectInputEvents[sdk=iphoneos*]" = YES;
				"INFOPLIST_KEY_UIApplicationSupportsIndirectInputEvents[sdk=iphonesimulator*]" = YES;
				"INFOPLIST_KEY_UILaunchScreen_Generation[sdk=iphoneos*]" = YES;
				"INFOPLIST_KEY_UILaunchScreen_Generation[sdk=iphonesimulator*]" = YES;
				"INFOPLIST_KEY_UIStatusBarStyle[sdk=iphoneos*]" = UIStatusBarStyleDefault;
				"INFOPLIST_KEY_UIStatusBarStyle[sdk=iphonesimulator*]" = UIStatusBarStyleDefault;
				INFOPLIST_KEY_UISupportedInterfaceOrientations_iPad = "UIInterfaceOrientationPortrait UIInterfaceOrientationPortraitUpsideDown UIInterfaceOrientationLandscapeLeft UIInterfaceOrientationLandscapeRight";
				INFOPLIST_KEY_UISupportedInterfaceOrientations_iPhone = "UIInterfaceOrientationPortrait UIInterfaceOrientationLandscapeLeft UIInterfaceOrientationLandscapeRight";
				IPHONEOS_DEPLOYMENT_TARGET = 18.1;
				LD_RUNPATH_SEARCH_PATHS = "@executable_path/Frameworks";
				"LD_RUNPATH_SEARCH_PATHS[sdk=macosx*]" = "@executable_path/../Frameworks";
				MACOSX_DEPLOYMENT_TARGET = 15.1;
				MARKETING_VERSION = 1.0;
				PRODUCT_BUNDLE_IDENTIFIER = com.innovaturelabs.writeaway;
				PRODUCT_NAME = "$(TARGET_NAME)";
				SDKROOT = auto;
				SUPPORTED_PLATFORMS = "iphoneos iphonesimulator macosx xros xrsimulator";
				SWIFT_EMIT_LOC_STRINGS = YES;
				SWIFT_VERSION = 5.0;
				TARGETED_DEVICE_FAMILY = "1,2,7";
				XROS_DEPLOYMENT_TARGET = 2.1;
			};
			name = Release;
		};
		B76FD7BB2FBEC1C4009DB5E2 /* Debug */ = {
			isa = XCBuildConfiguration;
			buildSettings = {
				BUNDLE_LOADER = "$(TEST_HOST)";
				CODE_SIGN_STYLE = Automatic;
				CURRENT_PROJECT_VERSION = 1;
				GENERATE_INFOPLIST_FILE = YES;
				IPHONEOS_DEPLOYMENT_TARGET = 18.1;
				MACOSX_DEPLOYMENT_TARGET = 15.1;
				MARKETING_VERSION = 1.0;
				PRODUCT_BUNDLE_IDENTIFIER = com.irshadtkd.writeaway.MRBoothTests;
				PRODUCT_NAME = "$(TARGET_NAME)";
				SDKROOT = auto;
				SUPPORTED_PLATFORMS = "iphoneos iphonesimulator macosx xros xrsimulator";
				SWIFT_EMIT_LOC_STRINGS = NO;
				SWIFT_VERSION = 5.0;
				TARGETED_DEVICE_FAMILY = "1,2,7";
				TEST_HOST = "$(BUILT_PRODUCTS_DIR)/MRBooth.app/$(BUNDLE_EXECUTABLE_FOLDER_PATH)/MRBooth";
				XROS_DEPLOYMENT_TARGET = 2.1;
			};
			name = Debug;
		};
		B76FD7BC2FBEC1C4009DB5E2 /* Release */ = {
			isa = XCBuildConfiguration;
			buildSettings = {
				BUNDLE_LOADER = "$(TEST_HOST)";
				CODE_SIGN_STYLE = Automatic;
				CURRENT_PROJECT_VERSION = 1;
				GENERATE_INFOPLIST_FILE = YES;
				IPHONEOS_DEPLOYMENT_TARGET = 18.1;
				MACOSX_DEPLOYMENT_TARGET = 15.1;
				MARKETING_VERSION = 1.0;
				PRODUCT_BUNDLE_IDENTIFIER = com.irshadtkd.writeaway.MRBoothTests;
				PRODUCT_NAME = "$(TARGET_NAME)";
				SDKROOT = auto;
				SUPPORTED_PLATFORMS = "iphoneos iphonesimulator macosx xros xrsimulator";
				SWIFT_EMIT_LOC_STRINGS = NO;
				SWIFT_VERSION = 5.0;
				TARGETED_DEVICE_FAMILY = "1,2,7";
				TEST_HOST = "$(BUILT_PRODUCTS_DIR)/MRBooth.app/$(BUNDLE_EXECUTABLE_FOLDER_PATH)/MRBooth";
				XROS_DEPLOYMENT_TARGET = 2.1;
			};
			name = Release;
		};
		B76FD7BE2FBEC1C4009DB5E2 /* Debug */ = {
			isa = XCBuildConfiguration;
			buildSettings = {
				CODE_SIGN_STYLE = Automatic;
				CURRENT_PROJECT_VERSION = 1;
				GENERATE_INFOPLIST_FILE = YES;
				IPHONEOS_DEPLOYMENT_TARGET = 18.1;
				MACOSX_DEPLOYMENT_TARGET = 15.1;
				MARKETING_VERSION = 1.0;
				PRODUCT_BUNDLE_IDENTIFIER = com.irshadtkd.writeaway.MRBoothUITests;
				PRODUCT_NAME = "$(TARGET_NAME)";
				SDKROOT = auto;
				SUPPORTED_PLATFORMS = "iphoneos iphonesimulator macosx xros xrsimulator";
				SWIFT_EMIT_LOC_STRINGS = NO;
				SWIFT_VERSION = 5.0;
				TARGETED_DEVICE_FAMILY = "1,2,7";
				TEST_TARGET_NAME = MRBooth;
				XROS_DEPLOYMENT_TARGET = 2.1;
			};
			name = Debug;
		};
		B76FD7BF2FBEC1C4009DB5E2 /* Release */ = {
			isa = XCBuildConfiguration;
			buildSettings = {
				CODE_SIGN_STYLE = Automatic;
				CURRENT_PROJECT_VERSION = 1;
				GENERATE_INFOPLIST_FILE = YES;
				IPHONEOS_DEPLOYMENT_TARGET = 18.1;
				MACOSX_DEPLOYMENT_TARGET = 15.1;
				MARKETING_VERSION = 1.0;
				PRODUCT_BUNDLE_IDENTIFIER = com.irshadtkd.writeaway.MRBoothUITests;
				PRODUCT_NAME = "$(TARGET_NAME)";
				SDKROOT = auto;
				SUPPORTED_PLATFORMS = "iphoneos iphonesimulator macosx xros xrsimulator";
				SWIFT_EMIT_LOC_STRINGS = NO;
				SWIFT_VERSION = 5.0;
				TARGETED_DEVICE_FAMILY = "1,2,7";
				TEST_TARGET_NAME = MRBooth;
				XROS_DEPLOYMENT_TARGET = 2.1;
			};
			name = Release;
		};
/* End XCBuildConfiguration section */

/* Begin XCConfigurationList section */
		B76FD78D2FBEC1C1009DB5E2 /* Build configuration list for PBXProject "MRBooth" */ = {
			isa = XCConfigurationList;
			buildConfigurations = (
				B76FD7B52FBEC1C4009DB5E2 /* Debug */,
				B76FD7B62FBEC1C4009DB5E2 /* Release */,
			);
			defaultConfigurationIsVisible = 0;
			defaultConfigurationName = Release;
		};
		B76FD7B72FBEC1C4009DB5E2 /* Build configuration list for PBXNativeTarget "MRBooth" */ = {
			isa = XCConfigurationList;
			buildConfigurations = (
				B76FD7B82FBEC1C4009DB5E2 /* Debug */,
				B76FD7B92FBEC1C4009DB5E2 /* Release */,
			);
			defaultConfigurationIsVisible = 0;
			defaultConfigurationName = Release;
		};
		B76FD7BA2FBEC1C4009DB5E2 /* Build configuration list for PBXNativeTarget "MRBoothTests" */ = {
			isa = XCConfigurationList;
			buildConfigurations = (
				B76FD7BB2FBEC1C4009DB5E2 /* Debug */,
				B76FD7BC2FBEC1C4009DB5E2 /* Release */,
			);
			defaultConfigurationIsVisible = 0;
			defaultConfigurationName = Release;
		};
		B76FD7BD2FBEC1C4009DB5E2 /* Build configuration list for PBXNativeTarget "MRBoothUITests" */ = {
			isa = XCConfigurationList;
			buildConfigurations = (
				B76FD7BE2FBEC1C4009DB5E2 /* Debug */,
				B76FD7BF2FBEC1C4009DB5E2 /* Release */,
			);
			defaultConfigurationIsVisible = 0;
			defaultConfigurationName = Release;
		};
/* End XCConfigurationList section */

/* Begin XCRemoteSwiftPackageReference section */
		B76FD8012FBEC1C6009DB5E2 /* XCRemoteSwiftPackageReference "firebase-ios-sdk" */ = {
			isa = XCRemoteSwiftPackageReference;
			repositoryURL = "https://github.com/firebase/firebase-ios-sdk";
			requirement = {
				kind = upToNextMajorVersion;
				minimumVersion = 11.0.0;
			};
		};
		B76FD8022FBEC1C6009DB5E2 /* XCRemoteSwiftPackageReference "GoogleSignIn-iOS" */ = {
			isa = XCRemoteSwiftPackageReference;
			repositoryURL = "https://github.com/google/GoogleSignIn-iOS";
			requirement = {
				kind = upToNextMajorVersion;
				minimumVersion = 8.0.0;
			};
		};
/* End XCRemoteSwiftPackageReference section */

/* Begin XCSwiftPackageProductDependency section */
		B76FD8032FBEC1C6009DB5E2 /* FirebaseAuth */ = {
			isa = XCSwiftPackageProductDependency;
			package = B76FD8012FBEC1C6009DB5E2 /* XCRemoteSwiftPackageReference "firebase-ios-sdk" */;
			productName = FirebaseAuth;
		};
		B76FD8042FBEC1C6009DB5E2 /* FirebaseCore */ = {
			isa = XCSwiftPackageProductDependency;
			package = B76FD8012FBEC1C6009DB5E2 /* XCRemoteSwiftPackageReference "firebase-ios-sdk" */;
			productName = FirebaseCore;
		};
		B76FD8052FBEC1C6009DB5E2 /* GoogleSignIn */ = {
			isa = XCSwiftPackageProductDependency;
			package = B76FD8022FBEC1C6009DB5E2 /* XCRemoteSwiftPackageReference "GoogleSignIn-iOS" */;
			productName = GoogleSignIn;
		};
/* End XCSwiftPackageProductDependency section */
	};
	rootObject = B76FD78A2FBEC1C1009DB5E2 /* Project object */;
}
